// !$*UTF8*$!
{
	archiveVersion = 1;
	classes = {
	};
	objectVersion = 56;
	objects = {

/* Begin PBXBuildFile section */
		D7BE5E6C2D5B95370074C48F /* AppDelegate.swift in Sources */ = {isa = PBXBuildFile; fileRef = D7BE5E6B2D5B95370074C48F /* AppDelegate.swift */; };
		D7BE5E6E2D5B95370074C48F /* SceneDelegate.swift in Sources */ = {isa = PBXBuildFile; fileRef = D7BE5E6D2D5B95370074C48F /* SceneDelegate.swift */; };
		D7BE5E702D5B95370074C48F /* ViewController.swift in Sources */ = {isa = PBXBuildFile; fileRef = D7BE5E6F2D5B95370074C48F /* ViewController.swift */; };
		D7BE5E732D5B95370074C48F /* Base in Resources */ = {isa = PBXBuildFile; fileRef = D7BE5E722D5B95370074C48F /* Base */; };
		D7BE5E762D5B95370074C48F /* CommonInputControls.xcdatamodeld in Sources */ = {isa = PBXBuildFile; fileRef = D7BE5E742D5B95370074C48F /* CommonInputControls.xcdatamodeld */; };
		D7BE5E782D5B95380074C48F /* Assets.xcassets in Resources */ = {isa = PBXBuildFile; fileRef = D7BE5E772D5B95380074C48F /* Assets.xcassets */; };
		D7BE5E7B2D5B95380074C48F /* Base in Resources */ = {isa = PBXBuildFile; fileRef = D7BE5E7A2D5B95380074C48F /* Base */; };
		D7BE5E862D5B95380074C48F /* CommonInputControlsTests.swift in Sources */ = {isa = PBXBuildFile; fileRef = D7BE5E852D5B95380074C48F /* CommonInputControlsTests.swift */; };
		D7BE5E902D5B95380074C48F /* CommonInputControlsUITests.swift in Sources */ = {isa = PBXBuildFile; fileRef = D7BE5E8F2D5B95380074C48F /* CommonInputControlsUITests.swift */; };
		D7BE5E922D5B95380074C48F /* CommonInputControlsUITestsLaunchTests.swift in Sources */ = {isa = PBXBuildFile; fileRef = D7BE5E912D5B95380074C48F /* CommonInputControlsUITestsLaunchTests.swift */; };
/* End PBXBuildFile section */

/* Begin PBXContainerItemProxy section */
		D7BE5E822D5B95380074C48F /* PBXContainerItemProxy */ = {
			isa = PBXContainerItemProxy;
			containerPortal = D7BE5E602D5B95370074C48F /* Project object */;
			proxyType = 1;
			remoteGlobalIDString = D7BE5E672D5B95370074C48F;
			remoteInfo = CommonInputControls;
		};
		D7BE5E8C2D5B95380074C48F /* PBXContainerItemProxy */ = {
			isa = PBXContainerItemProxy;
			containerPortal = D7BE5E602D5B95370074C48F /* Project object */;
			proxyType = 1;
			remoteGlobalIDString = D7BE5E672D5B95370074C48F;
			remoteInfo = CommonInputControls;
		};
/* End PBXContainerItemProxy section */

/* Begin PBXFileReference section */
		D7BE5E682D5B95370074C48F /* CommonInputControls.app */ = {isa = PBXFileReference; explicitFileType = wrapper.application; includeInIndex = 0; path = CommonInputControls.app; sourceTree = BUILT_PRODUCTS_DIR; };
		D7BE5E6B2D5B95370074C48F /* AppDelegate.swift */ = {isa = PBXFileReference; lastKnownFileType = sourcecode.swift; path = AppDelegate.swift; sourceTree = "<group>"; };
		D7BE5E6D2D5B95370074C48F /* SceneDelegate.swift */ = {isa = PBXFileReference; lastKnownFileType = sourcecode.swift; path = SceneDelegate.swift; sourceTree = "<group>"; };
		D7BE5E6F2D5B95370074C48F /* ViewController.swift */ = {isa = PBXFileReference; lastKnownFileType = sourcecode.swift; path = ViewController.swift; sourceTree = "<group>"; };
		D7BE5E722D5B95370074C48F /* Base */ = {isa = PBXFileReference; lastKnownFileType = file.storyboard; name = Base; path = Base.lproj/Main.storyboard; sourceTree = "<group>"; };
		D7BE5E752D5B95370074C48F /* CommonInputControls.xcdatamodel */ = {isa = PBXFileReference; lastKnownFileType = wrapper.xcdatamodel; path = CommonInputControls.xcdatamodel; sourceTree = "<group>"; };
		D7BE5E772D5B95380074C48F /* Assets.xcassets */ = {isa = PBXFileReference; lastKnownFileType = folder.assetcatalog; path = Assets.xcassets; sourceTree = "<group>"; };
		D7BE5E7A2D5B95380074C48F /* Base */ = {isa = PBXFileReference; lastKnownFileType = file.storyboard; name = Base; path = Base.lproj/LaunchScreen.storyboard; sourceTree = "<group>"; };
		D7BE5E7C2D5B95380074C48F /* Info.plist */ = {isa = PBXFileReference; lastKnownFileType = text.plist.xml; path = Info.plist; sourceTree = "<group>"; };
		D7BE5E812D5B95380074C48F /* CommonInputControlsTests.xctest */ = {isa = PBXFileReference; explicitFileType = wrapper.cfbundle; includeInIndex = 0; path = CommonInputControlsTests.xctest; sourceTree = BUILT_PRODUCTS_DIR; };
		D7BE5E852D5B95380074C48F /* CommonInputControlsTests.swift */ = {isa = PBXFileReference; lastKnownFileType = sourcecode.swift; path = CommonInputControlsTests.swift; sourceTree = "<group>"; };
		D7BE5E8B2D5B95380074C48F /* CommonInputControlsUITests.xctest */ = {isa = PBXFileReference; explicitFileType = wrapper.cfbundle; includeInIndex = 0; path = CommonInputControlsUITests.xctest; sourceTree = BUILT_PRODUCTS_DIR; };
		D7BE5E8F2D5B95380074C48F /* CommonInputControlsUITests.swift */ = {isa = PBXFileReference; lastKnownFileType = sourcecode.swift; path = CommonInputControlsUITests.swift; sourceTree = "<group>"; };
		D7BE5E912D5B95380074C48F /* CommonInputControlsUITestsLaunchTests.swift */ = {isa = PBXFileReference; lastKnownFileType = sourcecode.swift; path = CommonInputControlsUITestsLaunchTests.swift; sourceTree = "<group>"; };
/* End PBXFileReference section */

/* Begin PBXFrameworksBuildPhase section */
		D7BE5E652D5B95370074C48F /* Frameworks */ = {
			isa = PBXFrameworksBuildPhase;
			buildActionMask = 2147483647;
			files = (
			);
			runOnlyForDeploymentPostprocessing = 0;
		};
		D7BE5E7E2D5B95380074C48F /* Frameworks */ = {
			isa = PBXFrameworksBuildPhase;
			buildActionMask = 2147483647;
			files = (
			);
			runOnlyForDeploymentPostprocessing = 0;
		};
		D7BE5E882D5B95380074C48F /* Frameworks */ = {
			isa = PBXFrameworksBuildPhase;
			buildActionMask = 2147483647;
			files = (
			);
			runOnlyForDeploymentPostprocessing = 0;
		};
/* End PBXFrameworksBuildPhase section */

/* Begin PBXGroup section */
		D7BE5E5F2D5B95370074C48F = {
			isa = PBXGroup;
			children = (
				D7BE5E6A2D5B95370074C48F /* CommonInputControls */,
				D7BE5E842D5B95380074C48F /* CommonInputControlsTests */,
				D7BE5E8E2D5B95380074C48F /* CommonInputControlsUITests */,
				D7BE5E692D5B95370074C48F /* Products */,
			);
			sourceTree = "<group>";
		};
		D7BE5E692D5B95370074C48F /* Products */ = {
			isa = PBXGroup;
			children = (
				D7BE5E682D5B95370074C48F /* CommonInputControls.app */,
				D7BE5E812D5B95380074C48F /* CommonInputControlsTests.xctest */,
				D7BE5E8B2D5B95380074C48F /* CommonInputControlsUITests.xctest */,
			);
			name = Products;
			sourceTree = "<group>";
		};
		D7BE5E6A2D5B95370074C48F /* CommonInputControls */ = {
			isa = PBXGroup;
			children = (
				D7BE5E6B2D5B95370074C48F /* AppDelegate.swift */,
				D7BE5E6D2D5B95370074C48F /* SceneDelegate.swift */,
				D7BE5E6F2D5B95370074C48F /* ViewController.swift */,
				D7BE5E712D5B95370074C48F /* Main.storyboard */,
				D7BE5E772D5B95380074C48F /* Assets.xcassets */,
				D7BE5E792D5B95380074C48F /* LaunchScreen.storyboard */,
				D7BE5E7C2D5B95380074C48F /* Info.plist */,
				D7BE5E742D5B95370074C48F /* CommonInputControls.xcdatamodeld */,
			);
			path = CommonInputControls;
			sourceTree = "<group>";
		};
		D7BE5E842D5B95380074C48F /* CommonInputControlsTests */ = {
			isa = PBXGroup;
			children = (
				D7BE5E852D5B95380074C48F /* CommonInputControlsTests.swift */,
			);
			path = CommonInputControlsTests;
			sourceTree = "<group>";
		};
		D7BE5E8E2D5B95380074C48F /* CommonInputControlsUITests */ = {
			isa = PBXGroup;
			children = (
				D7BE5E8F2D5B95380074C48F /* CommonInputControlsUITests.swift */,
				D7BE5E912D5B95380074C48F /* CommonInputControlsUITestsLaunchTests.swift */,
			);
			path = CommonInputControlsUITests;
			sourceTree = "<group>";
		};
/* End PBXGroup section */

/* Begin PBXNativeTarget section */
		D7BE5E672D5B95370074C48F /* CommonInputControls */ = {
			isa = PBXNativeTarget;
			buildConfigurationList = D7BE5E952D5B95380074C48F /* Build configuration list for PBXNativeTarget "CommonInputControls" */;
			buildPhases = (
				D7BE5E642D5B95370074C48F /* Sources */,
				D7BE5E652D5B95370074C48F /* Frameworks */,
				D7BE5E662D5B95370074C48F /* Resources */,
			);
			buildRules = (
			);
			dependencies = (
			);
			name = CommonInputControls;
			productName = CommonInputControls;
			productReference = D7BE5E682D5B95370074C48F /* CommonInputControls.app */;
			productType = "com.apple.product-type.application";
		};
		D7BE5E802D5B95380074C48F /* CommonInputControlsTests */ = {
			isa = PBXNativeTarget;
			buildConfigurationList = D7BE5E982D5B95380074C48F /* Build configuration list for PBXNativeTarget "CommonInputControlsTests" */;
			buildPhases = (
				D7BE5E7D2D5B95380074C48F /* Sources */,
				D7BE5E7E2D5B95380074C48F /* Frameworks */,
				D7BE5E7F2D5B95380074C48F /* Resources */,
			);
			buildRules = (
			);
			dependencies = (
				D7BE5E832D5B95380074C48F /* PBXTargetDependency */,
			);
			name = CommonInputControlsTests;
			productName = CommonInputControlsTests;
			productReference = D7BE5E812D5B95380074C48F /* CommonInputControlsTests.xctest */;
			productType = "com.apple.product-type.bundle.unit-test";
		};
		D7BE5E8A2D5B95380074C48F /* CommonInputControlsUITests */ = {
			isa = PBXNativeTarget;
			buildConfigurationList = D7BE5E9B2D5B95380074C48F /* Build configuration list for PBXNativeTarget "CommonInputControlsUITests" */;
			buildPhases = (
				D7BE5E872D5B95380074C48F /* Sources */,
				D7BE5E882D5B95380074C48F /* Frameworks */,
				D7BE5E892D5B95380074C48F /* Resources */,
			);
			buildRules = (
			);
			dependencies = (
				D7BE5E8D2D5B95380074C48F /* PBXTargetDependency */,
			);
			name = CommonInputControlsUITests;
			productName = CommonInputControlsUITests;
			productReference = D7BE5E8B2D5B95380074C48F /* CommonInputControlsUITests.xctest */;
			productType = "com.apple.product-type.bundle.ui-testing";
		};
/* End PBXNativeTarget section */

/* Begin PBXProject section */
		D7BE5E602D5B95370074C48F /* Project object */ = {
			isa = PBXProject;
			attributes = {
				BuildIndependentTargetsInParallel = 1;
				LastSwiftUpdateCheck = 1540;
				LastUpgradeCheck = 1540;
				TargetAttributes = {
					D7BE5E672D5B95370074C48F = {
						CreatedOnToolsVersion = 15.4;
					};
					D7BE5E802D5B95380074C48F = {
						CreatedOnToolsVersion = 15.4;
						TestTargetID = D7BE5E672D5B95370074C48F;
					};
					D7BE5E8A2D5B95380074C48F = {
						CreatedOnToolsVersion = 15.4;
						TestTargetID = D7BE5E672D5B95370074C48F;
					};
				};
			};
			buildConfigurationList = D7BE5E632D5B95370074C48F /* Build configuration list for PBXProject "CommonInputControls" */;
			compatibilityVersion = "Xcode 14.0";
			developmentRegion = en;
			hasScannedForEncodings = 0;
			knownRegions = (
				en,
				Base,
			);
			mainGroup = D7BE5E5F2D5B95370074C48F;
			productRefGroup = D7BE5E692D5B95370074C48F /* Products */;
			projectDirPath = "";
			projectRoot = "";
			targets = (
				D7BE5E672D5B95370074C48F /* CommonInputControls */,
				D7BE5E802D5B95380074C48F /* CommonInputControlsTests */,
				D7BE5E8A2D5B95380074C48F /* CommonInputControlsUITests */,
			);
		};
/* End PBXProject section */

/* Begin PBXResourcesBuildPhase section */
		D7BE5E662D5B95370074C48F /* Resources */ = {
			isa = PBXResourcesBuildPhase;
			buildActionMask = 2147483647;
			files = (
				D7BE5E782D5B95380074C48F /* Assets.xcassets in Resources */,
				D7BE5E7B2D5B95380074C48F /* Base in Resources */,
				D7BE5E732D5B95370074C48F /* Base in Resources */,
			);
			runOnlyForDeploymentPostprocessing = 0;
		};
		D7BE5E7F2D5B95380074C48F /* Resources */ = {
			isa = PBXResourcesBuildPhase;
			buildActionMask = 2147483647;
			files = (
			);
			runOnlyForDeploymentPostprocessing = 0;
		};
		D7BE5E892D5B95380074C48F /* Resources */ = {
			isa = PBXResourcesBuildPhase;
			buildActionMask = 2147483647;
			files = (
			);
			runOnlyForDeploymentPostprocessing = 0;
		};
/* End PBXResourcesBuildPhase section */

/* Begin PBXSourcesBuildPhase section */
		D7BE5E642D5B95370074C48F /* Sources */ = {
			isa = PBXSourcesBuildPhase;
			buildActionMask = 2147483647;
			files = (
				D7BE5E702D5B95370074C48F /* ViewController.swift in Sources */,
				D7BE5E6C2D5B95370074C48F /* AppDelegate.swift in Sources */,
				D7BE5E762D5B95370074C48F /* CommonInputControls.xcdatamodeld in Sources */,
				D7BE5E6E2D5B95370074C48F /* SceneDelegate.swift in Sources */,
			);
			runOnlyForDeploymentPostprocessing = 0;
		};
		D7BE5E7D2D5B95380074C48F /* Sources */ = {
			isa = PBXSourcesBuildPhase;
			buildActionMask = 2147483647;
			files = (
				D7BE5E862D5B95380074C48F /* CommonInputControlsTests.swift in Sources */,
			);
			runOnlyForDeploymentPostprocessing = 0;
		};
		D7BE5E872D5B95380074C48F /* Sources */ = {
			isa = PBXSourcesBuildPhase;
			buildActionMask = 2147483647;
			files = (
				D7BE5E922D5B95380074C48F /* CommonInputControlsUITestsLaunchTests.swift in Sources */,
				D7BE5E902D5B95380074C48F /* CommonInputControlsUITests.swift in Sources */,
			);
			runOnlyForDeploymentPostprocessing = 0;
		};
/* End PBXSourcesBuildPhase section */

/* Begin PBXTargetDependency section */
		D7BE5E832D5B95380074C48F /* PBXTargetDependency */ = {
			isa = PBXTargetDependency;
			target = D7BE5E672D5B95370074C48F /* CommonInputControls */;
			targetProxy = D7BE5E822D5B95380074C48F /* PBXContainerItemProxy */;
		};
		D7BE5E8D2D5B95380074C48F /* PBXTargetDependency */ = {
			isa = PBXTargetDependency;
			target = D7BE5E672D5B95370074C48F /* CommonInputControls */;
			targetProxy = D7BE5E8C2D5B95380074C48F /* PBXContainerItemProxy */;
		};
/* End PBXTargetDependency section */

/* Begin PBXVariantGroup section */
		D7BE5E712D5B95370074C48F /* Main.storyboard */ = {
			isa = PBXVariantGroup;
			children = (
				D7BE5E722D5B95370074C48F /* Base */,
			);
			name = Main.storyboard;
			sourceTree = "<group>";
		};
		D7BE5E792D5B95380074C48F /* LaunchScreen.storyboard */ = {
			isa = PBXVariantGroup;
			children = (
				D7BE5E7A2D5B95380074C48F /* Base */,
			);
			name = LaunchScreen.storyboard;
			sourceTree = "<group>";
		};
/* End PBXVariantGroup section */

/* Begin XCBuildConfiguration section */
		D7BE5E932D5B95380074C48F /* Debug */ = {
			isa = XCBuildConfiguration;
			buildSettings = {
				ALWAYS_SEARCH_USER_PATHS = NO;
				ASSETCATALOG_COMPILER_GENERATE_SWIFT_ASSET_SYMBOL_EXTENSIONS = YES;
				CLANG_ANALYZER_NONNULL = YES;
				CLANG_ANALYZER_NUMBER_OBJECT_CONVERSION = YES_AGGRESSIVE;
				CLANG_CXX_LANGUAGE_STANDARD = "gnu++20";
				CLANG_ENABLE_MODULES = YES;
				CLANG_ENABLE_OBJC_ARC = YES;
				CLANG_ENABLE_OBJC_WEAK = YES;
				CLANG_WARN_BLOCK_CAPTURE_AUTORELEASING = YES;
				CLANG_WARN_BOOL_CONVERSION = YES;
				CLANG_WARN_COMMA = YES;
				CLANG_WARN_CONSTANT_CONVERSION = YES;
				CLANG_WARN_DEPRECATED_OBJC_IMPLEMENTATIONS = YES;
				CLANG_WARN_DIRECT_OBJC_ISA_USAGE = YES_ERROR;
				CLANG_WARN_DOCUMENTATION_COMMENTS = YES;
				CLANG_WARN_EMPTY_BODY = YES;
				CLANG_WARN_ENUM_CONVERSION = YES;
				CLANG_WARN_INFINITE_RECURSION = YES;
				CLANG_WARN_INT_CONVERSION = YES;
				CLANG_WARN_NON_LITERAL_NULL_CONVERSION = YES;
				CLANG_WARN_OBJC_IMPLICIT_RETAIN_SELF = YES;
				CLANG_WARN_OBJC_LITERAL_CONVERSION = YES;
				CLANG_WARN_OBJC_ROOT_CLASS = YES_ERROR;
				CLANG_WARN_QUOTED_INCLUDE_IN_FRAMEWORK_HEADER = YES;
				CLANG_WARN_RANGE_LOOP_ANALYSIS = YES;
				CLANG_WARN_STRICT_PROTOTYPES = YES;
				CLANG_WARN_SUSPICIOUS_MOVE = YES;
				CLANG_WARN_UNGUARDED_AVAILABILITY = YES_AGGRESSIVE;
				CLANG_WARN_UNREACHABLE_CODE = YES;
				CLANG_WARN__DUPLICATE_METHOD_MATCH = YES;
				COPY_PHASE_STRIP = NO;
				DEBUG_INFORMATION_FORMAT = dwarf;
				ENABLE_STRICT_OBJC_MSGSEND = YES;
				ENABLE_TESTABILITY = YES;
				ENABLE_USER_SCRIPT_SANDBOXING = YES;
				GCC_C_LANGUAGE_STANDARD = gnu17;
				GCC_DYNAMIC_NO_PIC = NO;
				GCC_NO_COMMON_BLOCKS = YES;
				GCC_OPTIMIZATION_LEVEL = 0;
				GCC_PREPROCESSOR_DEFINITIONS = (
					"DEBUG=1",
					"$(inherited)",
				);
				GCC_WARN_64_TO_32_BIT_CONVERSION = YES;
				GCC_WARN_ABOUT_RETURN_TYPE = YES_ERROR;
				GCC_WARN_UNDECLARED_SELECTOR = YES;
				GCC_WARN_UNINITIALIZED_AUTOS = YES_AGGRESSIVE;
				GCC_WARN_UNUSED_FUNCTION = YES;
				GCC_WARN_UNUSED_VARIABLE = YES;
				IPHONEOS_DEPLOYMENT_TARGET = 17.5;
				LOCALIZATION_PREFERS_STRING_CATALOGS = YES;
				MTL_ENABLE_DEBUG_INFO = INCLUDE_SOURCE;
				MTL_FAST_MATH = YES;
				ONLY_ACTIVE_ARCH = YES;
				SDKROOT = iphoneos;
				SWIFT_ACTIVE_COMPILATION_CONDITIONS = "DEBUG $(inherited)";
				SWIFT_OPTIMIZATION_LEVEL = "-Onone";
			};
			name = Debug;
		};
		D7BE5E942D5B95380074C48F /* Release */ = {
			isa = XCBuildConfiguration;
			buildSettings = {
				ALWAYS_SEARCH_USER_PATHS = NO;
				ASSETCATALOG_COMPILER_GENERATE_SWIFT_ASSET_SYMBOL_EXTENSIONS = YES;
				CLANG_ANALYZER_NONNULL = YES;
				CLANG_ANALYZER_NUMBER_OBJECT_CONVERSION = YES_AGGRESSIVE;
				CLANG_CXX_LANGUAGE_STANDARD = "gnu++20";
				CLANG_ENABLE_MODULES = YES;
				CLANG_ENABLE_OBJC_ARC = YES;
				CLANG_ENABLE_OBJC_WEAK = YES;
				CLANG_WARN_BLOCK_CAPTURE_AUTORELEASING = YES;
				CLANG_WARN_BOOL_CONVERSION = YES;
				CLANG_WARN_COMMA = YES;
				CLANG_WARN_CONSTANT_CONVERSION = YES;
				CLANG_WARN_DEPRECATED_OBJC_IMPLEMENTATIONS = YES;
				CLANG_WARN_DIRECT_OBJC_ISA_USAGE = YES_ERROR;
				CLANG_WARN_DOCUMENTATION_COMMENTS = YES;
				CLANG_WARN_EMPTY_BODY = YES;
				CLANG_WARN_ENUM_CONVERSION = YES;
				CLANG_WARN_INFINITE_RECURSION = YES;
				CLANG_WARN_INT_CONVERSION = YES;
				CLANG_WARN_NON_LITERAL_NULL_CONVERSION = YES;
				CLANG_WARN_OBJC_IMPLICIT_RETAIN_SELF = YES;
				CLANG_WARN_OBJC_LITERAL_CONVERSION = YES;
				CLANG_WARN_OBJC_ROOT_CLASS = YES_ERROR;
				CLANG_WARN_QUOTED_INCLUDE_IN_FRAMEWORK_HEADER = YES;
				CLANG_WARN_RANGE_LOOP_ANALYSIS = YES;
				CLANG_WARN_STRICT_PROTOTYPES = YES;
				CLANG_WARN_SUSPICIOUS_MOVE = YES;
				CLANG_WARN_UNGUARDED_AVAILABILITY = YES_AGGRESSIVE;
				CLANG_WARN_UNREACHABLE_CODE = YES;
				CLANG_WARN__DUPLICATE_METHOD_MATCH = YES;
				COPY_PHASE_STRIP = NO;
				DEBUG_INFORMATION_FORMAT = "dwarf-with-dsym";
				ENABLE_NS_ASSERTIONS = NO;
				ENABLE_STRICT_OBJC_MSGSEND = YES;
				ENABLE_USER_SCRIPT_SANDBOXING = YES;
				GCC_C_LANGUAGE_STANDARD = gnu17;
				GCC_NO_COMMON_BLOCKS = YES;
				GCC_WARN_64_TO_32_BIT_CONVERSION = YES;
				GCC_WARN_ABOUT_RETURN_TYPE = YES_ERROR;
				GCC_WARN_UNDECLARED_SELECTOR = YES;
				GCC_WARN_UNINITIALIZED_AUTOS = YES_AGGRESSIVE;
				GCC_WARN_UNUSED_FUNCTION = YES;
				GCC_WARN_UNUSED_VARIABLE = YES;
				IPHONEOS_DEPLOYMENT_TARGET = 17.5;
				LOCALIZATION_PREFERS_STRING_CATALOGS = YES;
				MTL_ENABLE_DEBUG_INFO = NO;
				MTL_FAST_MATH = YES;
				SDKROOT = iphoneos;
				SWIFT_COMPILATION_MODE = wholemodule;
				VALIDATE_PRODUCT = YES;
			};
			name = Release;
		};
		D7BE5E962D5B95380074C48F /* Debug */ = {
			isa = XCBuildConfiguration;
			buildSettings = {
				ASSETCATALOG_COMPILER_APPICON_NAME = AppIcon;
				ASSETCATALOG_COMPILER_GLOBAL_ACCENT_COLOR_NAME = AccentColor;
				CODE_SIGN_STYLE = Automatic;
				CURRENT_PROJECT_VERSION = 1;
				DEVELOPMENT_TEAM = 2GK5HW9YR2;
				GENERATE_INFOPLIST_FILE = YES;
				INFOPLIST_FILE = CommonInputControls/Info.plist;
				INFOPLIST_KEY_UIApplicationSupportsIndirectInputEvents = YES;
				INFOPLIST_KEY_UILaunchStoryboardName = LaunchScreen;
				INFOPLIST_KEY_UIMainStoryboardFile = Main;
				INFOPLIST_KEY_UISupportedInterfaceOrientations_iPad = "UIInterfaceOrientationPortrait UIInterfaceOrientationPortraitUpsideDown UIInterfaceOrientationLandscapeLeft UIInterfaceOrientationLandscapeRight";
				INFOPLIST_KEY_UISupportedInterfaceOrientations_iPhone = "UIInterfaceOrientationPortrait UIInterfaceOrientationLandscapeLeft UIInterfaceOrientationLandscapeRight";
				LD_RUNPATH_SEARCH_PATHS = (
					"$(inherited)",
					"@executable_path/Frameworks",
				);
				MARKETING_VERSION = 1.0;
				PRODUCT_BUNDLE_IDENTIFIER = basics.CommonInputControls;
				PRODUCT_NAME = "$(TARGET_NAME)";
				SWIFT_EMIT_LOC_STRINGS = YES;
				SWIFT_VERSION = 5.0;
				TARGETED_DEVICE_FAMILY = "1,2";
			};
			name = Debug;
		};
		D7BE5E972D5B95380074C48F /* Release */ = {
			isa = XCBuildConfiguration;
			buildSettings = {
				ASSETCATALOG_COMPILER_APPICON_NAME = AppIcon;
				ASSETCATALOG_COMPILER_GLOBAL_ACCENT_COLOR_NAME = AccentColor;
				CODE_SIGN_STYLE = Automatic;
				CURRENT_PROJECT_VERSION = 1;
				DEVELOPMENT_TEAM = 2GK5HW9YR2;
				GENERATE_INFOPLIST_FILE = YES;
				INFOPLIST_FILE = CommonInputControls/Info.plist;
				INFOPLIST_KEY_UIApplicationSupportsIndirectInputEvents = YES;
				INFOPLIST_KEY_UILaunchStoryboardName = LaunchScreen;
				INFOPLIST_KEY_UIMainStoryboardFile = Main;
				INFOPLIST_KEY_UISupportedInterfaceOrientations_iPad = "UIInterfaceOrientationPortrait UIInterfaceOrientationPortraitUpsideDown UIInterfaceOrientationLandscapeLeft UIInterfaceOrientationLandscapeRight";
				INFOPLIST_KEY_UISupportedInterfaceOrientations_iPhone = "UIInterfaceOrientationPortrait UIInterfaceOrientationLandscapeLeft UIInterfaceOrientationLandscapeRight";
				LD_RUNPATH_SEARCH_PATHS = (
					"$(inherited)",
					"@executable_path/Frameworks",
				);
				MARKETING_VERSION = 1.0;
				PRODUCT_BUNDLE_IDENTIFIER = basics.CommonInputControls;
				PRODUCT_NAME = "$(TARGET_NAME)";
				SWIFT_EMIT_LOC_STRINGS = YES;
				SWIFT_VERSION = 5.0;
				TARGETED_DEVICE_FAMILY = "1,2";
			};
			name = Release;
		};
		D7BE5E992D5B95380074C48F /* Debug */ = {
			isa = XCBuildConfiguration;
			buildSettings = {
				ALWAYS_EMBED_SWIFT_STANDARD_LIBRARIES = YES;
				BUNDLE_LOADER = "$(TEST_HOST)";
				CODE_SIGN_STYLE = Automatic;
				CURRENT_PROJECT_VERSION = 1;
				DEVELOPMENT_TEAM = 2GK5HW9YR2;
				GENERATE_INFOPLIST_FILE = YES;
				IPHONEOS_DEPLOYMENT_TARGET = 17.5;
				MARKETING_VERSION = 1.0;
				PRODUCT_BUNDLE_IDENTIFIER = basics.CommonInputControlsTests;
				PRODUCT_NAME = "$(TARGET_NAME)";
				SWIFT_EMIT_LOC_STRINGS = NO;
				SWIFT_VERSION = 5.0;
				TARGETED_DEVICE_FAMILY = "1,2";
				TEST_HOST = "$(BUILT_PRODUCTS_DIR)/CommonInputControls.app/$(BUNDLE_EXECUTABLE_FOLDER_PATH)/CommonInputControls";
			};
			name = Debug;
		};
		D7BE5E9A2D5B95380074C48F /* Release */ = {
			isa = XCBuildConfiguration;
			buildSettings = {
				ALWAYS_EMBED_SWIFT_STANDARD_LIBRARIES = YES;
				BUNDLE_LOADER = "$(TEST_HOST)";
				CODE_SIGN_STYLE = Automatic;
				CURRENT_PROJECT_VERSION = 1;
				DEVELOPMENT_TEAM = 2GK5HW9YR2;
				GENERATE_INFOPLIST_FILE = YES;
				IPHONEOS_DEPLOYMENT_TARGET = 17.5;
				MARKETING_VERSION = 1.0;
				PRODUCT_BUNDLE_IDENTIFIER = basics.CommonInputControlsTests;
				PRODUCT_NAME = "$(TARGET_NAME)";
				SWIFT_EMIT_LOC_STRINGS = NO;
				SWIFT_VERSION = 5.0;
				TARGETED_DEVICE_FAMILY = "1,2";
				TEST_HOST = "$(BUILT_PRODUCTS_DIR)/CommonInputControls.app/$(BUNDLE_EXECUTABLE_FOLDER_PATH)/CommonInputControls";
			};
			name = Release;
		};
		D7BE5E9C2D5B95380074C48F /* Debug */ = {
			isa = XCBuildConfiguration;
			buildSettings = {
				ALWAYS_EMBED_SWIFT_STANDARD_LIBRARIES = YES;
				CODE_SIGN_STYLE = Automatic;
				CURRENT_PROJECT_VERSION = 1;
				DEVELOPMENT_TEAM = 2GK5HW9YR2;
				GENERATE_INFOPLIST_FILE = YES;
				MARKETING_VERSION = 1.0;
				PRODUCT_BUNDLE_IDENTIFIER = basics.CommonInputControlsUITests;
				PRODUCT_NAME = "$(TARGET_NAME)";
				SWIFT_EMIT_LOC_STRINGS = NO;
				SWIFT_VERSION = 5.0;
				TARGETED_DEVICE_FAMILY = "1,2";
				TEST_TARGET_NAME = CommonInputControls;
			};
			name = Debug;
		};
		D7BE5E9D2D5B95380074C48F /* Release */ = {
			isa = XCBuildConfiguration;
			buildSettings = {
				ALWAYS_EMBED_SWIFT_STANDARD_LIBRARIES = YES;
				CODE_SIGN_STYLE = Automatic;
				CURRENT_PROJECT_VERSION = 1;
				DEVELOPMENT_TEAM = 2GK5HW9YR2;
				GENERATE_INFOPLIST_FILE = YES;
				MARKETING_VERSION = 1.0;
				PRODUCT_BUNDLE_IDENTIFIER = basics.CommonInputControlsUITests;
				PRODUCT_NAME = "$(TARGET_NAME)";
				SWIFT_EMIT_LOC_STRINGS = NO;
				SWIFT_VERSION = 5.0;
				TARGETED_DEVICE_FAMILY = "1,2";
				TEST_TARGET_NAME = CommonInputControls;
			};
			name = Release;
		};
/* End XCBuildConfiguration section */

/* Begin XCConfigurationList section */
		D7BE5E632D5B95370074C48F /* Build configuration list for PBXProject "CommonInputControls" */ = {
			isa = XCConfigurationList;
			buildConfigurations = (
				D7BE5E932D5B95380074C48F /* Debug */,
				D7BE5E942D5B95380074C48F /* Release */,
			);
			defaultConfigurationIsVisible = 0;
			defaultConfigurationName = Release;
		};
		D7BE5E952D5B95380074C48F /* Build configuration list for PBXNativeTarget "CommonInputControls" */ = {
			isa = XCConfigurationList;
			buildConfigurations = (
				D7BE5E962D5B95380074C48F /* Debug */,
				D7BE5E972D5B95380074C48F /* Release */,
			);
			defaultConfigurationIsVisible = 0;
			defaultConfigurationName = Release;
		};
		D7BE5E982D5B95380074C48F /* Build configuration list for PBXNativeTarget "CommonInputControlsTests" */ = {
			isa = XCConfigurationList;
			buildConfigurations = (
				D7BE5E992D5B95380074C48F /* Debug */,
				D7BE5E9A2D5B95380074C48F /* Release */,
			);
			defaultConfigurationIsVisible = 0;
			defaultConfigurationName = Release;
		};
		D7BE5E9B2D5B95380074C48F /* Build configuration list for PBXNativeTarget "CommonInputControlsUITests" */ = {
			isa = XCConfigurationList;
			buildConfigurations = (
				D7BE5E9C2D5B95380074C48F /* Debug */,
				D7BE5E9D2D5B95380074C48F /* Release */,
			);
			defaultConfigurationIsVisible = 0;
			defaultConfigurationName = Release;
		};
/* End XCConfigurationList section */

/* Begin XCVersionGroup section */
		D7BE5E742D5B95370074C48F /* CommonInputControls.xcdatamodeld */ = {
			isa = XCVersionGroup;
			children = (
				D7BE5E752D5B95370074C48F /* CommonInputControls.xcdatamodel */,
			);
			currentVersion = D7BE5E752D5B95370074C48F /* CommonInputControls.xcdatamodel */;
			path = CommonInputControls.xcdatamodeld;
			sourceTree = "<group>";
			versionGroupType = wrapper.xcdatamodel;
		};
/* End XCVersionGroup section */
	};
	rootObject = D7BE5E602D5B95370074C48F /* Project object */;
}
